<?xml version="1.0" encoding="utf-8"?>
<Project ToolsVersion="4.0" xmlns="http://schemas.microsoft.com/developer/msbuild/2003">
  <ItemGroup>
    <ClCompile Include="src\program.cpp" />
    <ClCompile Include="src\shader.cpp" />
    <ClCompile Include="src\nbody.cpp" />
  </ItemGroup>
  <ItemGroup>
    <ClInclude Include="src\program.hpp" />
    <ClInclude Include="src\shader.h" />
    <ClInclude Include="src\file.h" />
    <ClInclude Include="src\nbody.hpp" />
    <ClInclude Include="src\error_check.h" />
  </ItemGroup>
  <ItemGroup>
    <CudaCompile Include="src\nbody.cu" />
  </ItemGroup>
</Project>